
Microsoft Visual Studio Solution File, Format Version 12.00
# Visual Studio Version 16
VisualStudioVersion = 16.0.29326.143
MinimumVisualStudioVersion = 10.0.40219.1
Project("{FAE04EC0-301F-11D3-BF4B-00C04F79EFBC}") = "Frontend", "Frontend.csproj", "{ECB31574-AAB4-4011-AEB2-646F7B35479D}"
EndProject
Global
	GlobalSection(SolutionConfigurationPlatforms) = preSolution
		Debug|Any CPU = Debug|Any CPU
		Release|Any CPU = Release|Any CPU
	EndGlobalSection
	GlobalSection(ProjectConfigurationPlatforms) = postSolution
		{ECB31574-AAB4-4011-AEB2-646F7B35479D}.Debug|Any CPU.ActiveCfg = Debug|Any CPU
		{ECB31574-AAB4-4011-AEB2-646F7B35479D}.Debug|Any CPU.Build.0 = Debug|Any CPU
		{ECB31574-AAB4-4011-AEB2-646F7B35479D}.Release|Any CPU.ActiveCfg = Release|Any CPU
		{ECB31574-AAB4-4011-AEB2-646F7B35479D}.Release|Any CPU.Build.0 = Release|Any CPU
	EndGlobalSection
	GlobalSection(SolutionProperties) = preSolution
		HideSolutionNode = FALSE
	EndGlobalSection
	GlobalSection(ExtensibilityGlobals) = postSolution
		SolutionGuid = {083341D0-52FF-410B-9BB1-88E0B24503AC}
	EndGlobalSection
EndGlobal
